// !$*UTF8*$!
{
	archiveVersion = 1;
	classes = {
	};
	objectVersion = 46;
	objects = {

/* Begin PBXBuildFile section */
		2019A0D86B900BFC5BDE799C /* Pods_ReactNativeWithPodsTests.framework in Frameworks */ = {isa = PBXBuildFile; fileRef = 343F57786479FAFFA55197C7 /* Pods_ReactNativeWithPodsTests.framework */; };
		6086E7D8DEBF2D43941AAB2C /* Pods_ReactNativeWithPods.framework in Frameworks */ = {isa = PBXBuildFile; fileRef = 6F1DA7C58417385B79E646F8 /* Pods_ReactNativeWithPods.framework */; };
		785106BB1BFDC91300640AA5 /* MyProtocol.swift in Sources */ = {isa = PBXBuildFile; fileRef = 785106BA1BFDC91300640AA5 /* MyProtocol.swift */; };
		7853241F1BFDE9B400556CCF /* RNComponents in Resources */ = {isa = PBXBuildFile; fileRef = 7853241E1BFDE9B400556CCF /* RNComponents */; };
		7886AA521C06B9A8006BBA2B /* Router.swift in Sources */ = {isa = PBXBuildFile; fileRef = 7886AA511C06B9A8006BBA2B /* Router.swift */; };
		78D9A0441BFDDD3100FF29F8 /* MyProtocolSpec.swift in Sources */ = {isa = PBXBuildFile; fileRef = 78D9A0431BFDDD3100FF29F8 /* MyProtocolSpec.swift */; };
		78D9A0461BFDDE5E00FF29F8 /* Config.swift in Sources */ = {isa = PBXBuildFile; fileRef = 78D9A0451BFDDE5E00FF29F8 /* Config.swift */; };
		78D9A0481BFDE4CA00FF29F8 /* websites in Resources */ = {isa = PBXBuildFile; fileRef = 78D9A0471BFDE4CA00FF29F8 /* websites */; };
		78E52D991BFD577400EDB819 /* AppDelegate.swift in Sources */ = {isa = PBXBuildFile; fileRef = 78E52D981BFD577400EDB819 /* AppDelegate.swift */; };
		78E52D9B1BFD577400EDB819 /* ViewController.swift in Sources */ = {isa = PBXBuildFile; fileRef = 78E52D9A1BFD577400EDB819 /* ViewController.swift */; };
		78E52DA01BFD577400EDB819 /* Assets.xcassets in Resources */ = {isa = PBXBuildFile; fileRef = 78E52D9F1BFD577400EDB819 /* Assets.xcassets */; };
		78E52DA31BFD577400EDB819 /* LaunchScreen.storyboard in Resources */ = {isa = PBXBuildFile; fileRef = 78E52DA11BFD577400EDB819 /* LaunchScreen.storyboard */; };
		78E52DB91BFD577400EDB819 /* ReactNativeWithPodsUITests.swift in Sources */ = {isa = PBXBuildFile; fileRef = 78E52DB81BFD577400EDB819 /* ReactNativeWithPodsUITests.swift */; };
		AD5E48DDECCD7B38E5303B2B /* Pods_ReactNativeWithPodsUITests.framework in Frameworks */ = {isa = PBXBuildFile; fileRef = BD302A187DBA4A18F95E0995 /* Pods_ReactNativeWithPodsUITests.framework */; };
/* End PBXBuildFile section */

/* Begin PBXContainerItemProxy section */
		78E52DAA1BFD577400EDB819 /* PBXContainerItemProxy */ = {
			isa = PBXContainerItemProxy;
			containerPortal = 78E52D8D1BFD577400EDB819 /* Project object */;
			proxyType = 1;
			remoteGlobalIDString = 78E52D941BFD577400EDB819;
			remoteInfo = ReactNativeWithPods;
		};
		78E52DB51BFD577400EDB819 /* PBXContainerItemProxy */ = {
			isa = PBXContainerItemProxy;
			containerPortal = 78E52D8D1BFD577400EDB819 /* Project object */;
			proxyType = 1;
			remoteGlobalIDString = 78E52D941BFD577400EDB819;
			remoteInfo = ReactNativeWithPods;
		};
/* End PBXContainerItemProxy section */

/* Begin PBXFileReference section */
		343F57786479FAFFA55197C7 /* Pods_ReactNativeWithPodsTests.framework */ = {isa = PBXFileReference; explicitFileType = wrapper.framework; includeInIndex = 0; path = Pods_ReactNativeWithPodsTests.framework; sourceTree = BUILT_PRODUCTS_DIR; };
		50353DE0AF7706E378C4A6C2 /* Pods-ReactNativeWithPodsTests.debug.xcconfig */ = {isa = PBXFileReference; includeInIndex = 1; lastKnownFileType = text.xcconfig; name = "Pods-ReactNativeWithPodsTests.debug.xcconfig"; path = "Pods/Target Support Files/Pods-ReactNativeWithPodsTests/Pods-ReactNativeWithPodsTests.debug.xcconfig"; sourceTree = "<group>"; };
		52509ECEDA6171DE04FCC05B /* Pods-ReactNativeWithPods.debug.xcconfig */ = {isa = PBXFileReference; includeInIndex = 1; lastKnownFileType = text.xcconfig; name = "Pods-ReactNativeWithPods.debug.xcconfig"; path = "Pods/Target Support Files/Pods-ReactNativeWithPods/Pods-ReactNativeWithPods.debug.xcconfig"; sourceTree = "<group>"; };
		57A3FE8D31F87A54757C8C09 /* Pods-ReactNativeWithPodsUITests.debug.xcconfig */ = {isa = PBXFileReference; includeInIndex = 1; lastKnownFileType = text.xcconfig; name = "Pods-ReactNativeWithPodsUITests.debug.xcconfig"; path = "Pods/Target Support Files/Pods-ReactNativeWithPodsUITests/Pods-ReactNativeWithPodsUITests.debug.xcconfig"; sourceTree = "<group>"; };
		6077D919A02988AA30FA9E30 /* Pods-ReactNativeWithPodsUITests.release.xcconfig */ = {isa = PBXFileReference; includeInIndex = 1; lastKnownFileType = text.xcconfig; name = "Pods-ReactNativeWithPodsUITests.release.xcconfig"; path = "Pods/Target Support Files/Pods-ReactNativeWithPodsUITests/Pods-ReactNativeWithPodsUITests.release.xcconfig"; sourceTree = "<group>"; };
		6F1DA7C58417385B79E646F8 /* Pods_ReactNativeWithPods.framework */ = {isa = PBXFileReference; explicitFileType = wrapper.framework; includeInIndex = 0; path = Pods_ReactNativeWithPods.framework; sourceTree = BUILT_PRODUCTS_DIR; };
		7819C5191BFD5A56008BDD45 /* ReactNativeWithPods-Bridging-Header.h */ = {isa = PBXFileReference; lastKnownFileType = sourcecode.c.h; path = "ReactNativeWithPods-Bridging-Header.h"; sourceTree = "<group>"; };
		785106BA1BFDC91300640AA5 /* MyProtocol.swift */ = {isa = PBXFileReference; fileEncoding = 4; lastKnownFileType = sourcecode.swift; path = MyProtocol.swift; sourceTree = "<group>"; };
		7853241E1BFDE9B400556CCF /* RNComponents */ = {isa = PBXFileReference; lastKnownFileType = folder; name = RNComponents; path = ../RNComponents; sourceTree = "<group>"; };
		7886AA511C06B9A8006BBA2B /* Router.swift */ = {isa = PBXFileReference; fileEncoding = 4; lastKnownFileType = sourcecode.swift; path = Router.swift; sourceTree = "<group>"; };
		78D9A0431BFDDD3100FF29F8 /* MyProtocolSpec.swift */ = {isa = PBXFileReference; fileEncoding = 4; lastKnownFileType = sourcecode.swift; path = MyProtocolSpec.swift; sourceTree = "<group>"; };
		78D9A0451BFDDE5E00FF29F8 /* Config.swift */ = {isa = PBXFileReference; fileEncoding = 4; lastKnownFileType = sourcecode.swift; path = Config.swift; sourceTree = "<group>"; };
		78D9A0471BFDE4CA00FF29F8 /* websites */ = {isa = PBXFileReference; lastKnownFileType = folder; name = websites; path = ../websites; sourceTree = "<group>"; };
		78E52D951BFD577400EDB819 /* ReactNativeWithPods.app */ = {isa = PBXFileReference; explicitFileType = wrapper.application; includeInIndex = 0; path = ReactNativeWithPods.app; sourceTree = BUILT_PRODUCTS_DIR; };
		78E52D981BFD577400EDB819 /* AppDelegate.swift */ = {isa = PBXFileReference; lastKnownFileType = sourcecode.swift; path = AppDelegate.swift; sourceTree = "<group>"; };
		78E52D9A1BFD577400EDB819 /* ViewController.swift */ = {isa = PBXFileReference; lastKnownFileType = sourcecode.swift; path = ViewController.swift; sourceTree = "<group>"; };
		78E52D9F1BFD577400EDB819 /* Assets.xcassets */ = {isa = PBXFileReference; lastKnownFileType = folder.assetcatalog; path = Assets.xcassets; sourceTree = "<group>"; };
		78E52DA21BFD577400EDB819 /* Base */ = {isa = PBXFileReference; lastKnownFileType = file.storyboard; name = Base; path = Base.lproj/LaunchScreen.storyboard; sourceTree = "<group>"; };
		78E52DA41BFD577400EDB819 /* Info.plist */ = {isa = PBXFileReference; lastKnownFileType = text.plist.xml; path = Info.plist; sourceTree = "<group>"; };
		78E52DA91BFD577400EDB819 /* ReactNativeWithPodsTests.xctest */ = {isa = PBXFileReference; explicitFileType = wrapper.cfbundle; includeInIndex = 0; path = ReactNativeWithPodsTests.xctest; sourceTree = BUILT_PRODUCTS_DIR; };
		78E52DAF1BFD577400EDB819 /* Info.plist */ = {isa = PBXFileReference; lastKnownFileType = text.plist.xml; path = Info.plist; sourceTree = "<group>"; };
		78E52DB41BFD577400EDB819 /* ReactNativeWithPodsUITests.xctest */ = {isa = PBXFileReference; explicitFileType = wrapper.cfbundle; includeInIndex = 0; path = ReactNativeWithPodsUITests.xctest; sourceTree = BUILT_PRODUCTS_DIR; };
		78E52DB81BFD577400EDB819 /* ReactNativeWithPodsUITests.swift */ = {isa = PBXFileReference; lastKnownFileType = sourcecode.swift; path = ReactNativeWithPodsUITests.swift; sourceTree = "<group>"; };
		78E52DBA1BFD577400EDB819 /* Info.plist */ = {isa = PBXFileReference; lastKnownFileType = text.plist.xml; path = Info.plist; sourceTree = "<group>"; };
		BA8B90B73B2238626C1E5C5F /* Pods-ReactNativeWithPods.release.xcconfig */ = {isa = PBXFileReference; includeInIndex = 1; lastKnownFileType = text.xcconfig; name = "Pods-ReactNativeWithPods.release.xcconfig"; path = "Pods/Target Support Files/Pods-ReactNativeWithPods/Pods-ReactNativeWithPods.release.xcconfig"; sourceTree = "<group>"; };
		BD302A187DBA4A18F95E0995 /* Pods_ReactNativeWithPodsUITests.framework */ = {isa = PBXFileReference; explicitFileType = wrapper.framework; includeInIndex = 0; path = Pods_ReactNativeWithPodsUITests.framework; sourceTree = BUILT_PRODUCTS_DIR; };
		D7A58F43A1E51319DE1310CF /* Pods-ReactNativeWithPodsTests.release.xcconfig */ = {isa = PBXFileReference; includeInIndex = 1; lastKnownFileType = text.xcconfig; name = "Pods-ReactNativeWithPodsTests.release.xcconfig"; path = "Pods/Target Support Files/Pods-ReactNativeWithPodsTests/Pods-ReactNativeWithPodsTests.release.xcconfig"; sourceTree = "<group>"; };
/* End PBXFileReference section */

/* Begin PBXFrameworksBuildPhase section */
		78E52D921BFD577400EDB819 /* Frameworks */ = {
			isa = PBXFrameworksBuildPhase;
			buildActionMask = 2147483647;
			files = (
				6086E7D8DEBF2D43941AAB2C /* Pods_ReactNativeWithPods.framework in Frameworks */,
			);
			runOnlyForDeploymentPostprocessing = 0;
		};
		78E52DA61BFD577400EDB819 /* Frameworks */ = {
			isa = PBXFrameworksBuildPhase;
			buildActionMask = 2147483647;
			files = (
				2019A0D86B900BFC5BDE799C /* Pods_ReactNativeWithPodsTests.framework in Frameworks */,
			);
			runOnlyForDeploymentPostprocessing = 0;
		};
		78E52DB11BFD577400EDB819 /* Frameworks */ = {
			isa = PBXFrameworksBuildPhase;
			buildActionMask = 2147483647;
			files = (
				AD5E48DDECCD7B38E5303B2B /* Pods_ReactNativeWithPodsUITests.framework in Frameworks */,
			);
			runOnlyForDeploymentPostprocessing = 0;
		};
/* End PBXFrameworksBuildPhase section */

/* Begin PBXGroup section */
		78E52D8C1BFD577400EDB819 = {
			isa = PBXGroup;
			children = (
				78E52D971BFD577400EDB819 /* ReactNativeWithPods */,
				78E52DAC1BFD577400EDB819 /* ReactNativeWithPodsTests */,
				78E52DB71BFD577400EDB819 /* ReactNativeWithPodsUITests */,
				7853241E1BFDE9B400556CCF /* RNComponents */,
				78D9A0471BFDE4CA00FF29F8 /* websites */,
				78E52D961BFD577400EDB819 /* Products */,
				8D5303A481FDA346D7A2BC52 /* Pods */,
				D123CEE50EE03393BE5E85B3 /* Frameworks */,
			);
			sourceTree = "<group>";
		};
		78E52D961BFD577400EDB819 /* Products */ = {
			isa = PBXGroup;
			children = (
				78E52D951BFD577400EDB819 /* ReactNativeWithPods.app */,
				78E52DA91BFD577400EDB819 /* ReactNativeWithPodsTests.xctest */,
				78E52DB41BFD577400EDB819 /* ReactNativeWithPodsUITests.xctest */,
			);
			name = Products;
			sourceTree = "<group>";
		};
		78E52D971BFD577400EDB819 /* ReactNativeWithPods */ = {
			isa = PBXGroup;
			children = (
				785106BA1BFDC91300640AA5 /* MyProtocol.swift */,
				7886AA511C06B9A8006BBA2B /* Router.swift */,
				78D9A0451BFDDE5E00FF29F8 /* Config.swift */,
				7819C5191BFD5A56008BDD45 /* ReactNativeWithPods-Bridging-Header.h */,
				78E52D981BFD577400EDB819 /* AppDelegate.swift */,
				78E52D9A1BFD577400EDB819 /* ViewController.swift */,
				78E52D9F1BFD577400EDB819 /* Assets.xcassets */,
				78E52DA11BFD577400EDB819 /* LaunchScreen.storyboard */,
				78E52DA41BFD577400EDB819 /* Info.plist */,
			);
			path = ReactNativeWithPods;
			sourceTree = "<group>";
		};
		78E52DAC1BFD577400EDB819 /* ReactNativeWithPodsTests */ = {
			isa = PBXGroup;
			children = (
				78E52DAF1BFD577400EDB819 /* Info.plist */,
				78D9A0431BFDDD3100FF29F8 /* MyProtocolSpec.swift */,
			);
			path = ReactNativeWithPodsTests;
			sourceTree = "<group>";
		};
		78E52DB71BFD577400EDB819 /* ReactNativeWithPodsUITests */ = {
			isa = PBXGroup;
			children = (
				78E52DB81BFD577400EDB819 /* ReactNativeWithPodsUITests.swift */,
				78E52DBA1BFD577400EDB819 /* Info.plist */,
			);
			path = ReactNativeWithPodsUITests;
			sourceTree = "<group>";
		};
		8D5303A481FDA346D7A2BC52 /* Pods */ = {
			isa = PBXGroup;
			children = (
				52509ECEDA6171DE04FCC05B /* Pods-ReactNativeWithPods.debug.xcconfig */,
				BA8B90B73B2238626C1E5C5F /* Pods-ReactNativeWithPods.release.xcconfig */,
				50353DE0AF7706E378C4A6C2 /* Pods-ReactNativeWithPodsTests.debug.xcconfig */,
				D7A58F43A1E51319DE1310CF /* Pods-ReactNativeWithPodsTests.release.xcconfig */,
				57A3FE8D31F87A54757C8C09 /* Pods-ReactNativeWithPodsUITests.debug.xcconfig */,
				6077D919A02988AA30FA9E30 /* Pods-ReactNativeWithPodsUITests.release.xcconfig */,
			);
			name = Pods;
			sourceTree = "<group>";
		};
		D123CEE50EE03393BE5E85B3 /* Frameworks */ = {
			isa = PBXGroup;
			children = (
				6F1DA7C58417385B79E646F8 /* Pods_ReactNativeWithPods.framework */,
				343F57786479FAFFA55197C7 /* Pods_ReactNativeWithPodsTests.framework */,
				BD302A187DBA4A18F95E0995 /* Pods_ReactNativeWithPodsUITests.framework */,
			);
			name = Frameworks;
			sourceTree = "<group>";
		};
/* End PBXGroup section */

/* Begin PBXNativeTarget section */
		78E52D941BFD577400EDB819 /* ReactNativeWithPods */ = {
			isa = PBXNativeTarget;
			buildConfigurationList = 78E52DBD1BFD577400EDB819 /* Build configuration list for PBXNativeTarget "ReactNativeWithPods" */;
			buildPhases = (
				27828BF4B09242B0C2A9A926 /* Check Pods Manifest.lock */,
				78E52D911BFD577400EDB819 /* Sources */,
				78E52D921BFD577400EDB819 /* Frameworks */,
				78E52D931BFD577400EDB819 /* Resources */,
				7C1F2C98374D5F84073D0589 /* Embed Pods Frameworks */,
				BF12A1122EF9CF6B24CAEDF1 /* Copy Pods Resources */,
			);
			buildRules = (
			);
			dependencies = (
			);
			name = ReactNativeWithPods;
			productName = ReactNativeWithPods;
			productReference = 78E52D951BFD577400EDB819 /* ReactNativeWithPods.app */;
			productType = "com.apple.product-type.application";
		};
		78E52DA81BFD577400EDB819 /* ReactNativeWithPodsTests */ = {
			isa = PBXNativeTarget;
			buildConfigurationList = 78E52DC01BFD577400EDB819 /* Build configuration list for PBXNativeTarget "ReactNativeWithPodsTests" */;
			buildPhases = (
				5BF00B9972CD5B5AF5767900 /* Check Pods Manifest.lock */,
				78E52DA51BFD577400EDB819 /* Sources */,
				78E52DA61BFD577400EDB819 /* Frameworks */,
				78E52DA71BFD577400EDB819 /* Resources */,
				234C20AE3E6935B1E3CF3F22 /* Embed Pods Frameworks */,
				8964500DC755E2B3F8D1E93A /* Copy Pods Resources */,
			);
			buildRules = (
			);
			dependencies = (
				78E52DAB1BFD577400EDB819 /* PBXTargetDependency */,
			);
			name = ReactNativeWithPodsTests;
			productName = ReactNativeWithPodsTests;
			productReference = 78E52DA91BFD577400EDB819 /* ReactNativeWithPodsTests.xctest */;
			productType = "com.apple.product-type.bundle.unit-test";
		};
		78E52DB31BFD577400EDB819 /* ReactNativeWithPodsUITests */ = {
			isa = PBXNativeTarget;
			buildConfigurationList = 78E52DC31BFD577400EDB819 /* Build configuration list for PBXNativeTarget "ReactNativeWithPodsUITests" */;
			buildPhases = (
				B02B836BFE4C7ACB18835879 /* Check Pods Manifest.lock */,
				78E52DB01BFD577400EDB819 /* Sources */,
				78E52DB11BFD577400EDB819 /* Frameworks */,
				78E52DB21BFD577400EDB819 /* Resources */,
				581E6634B2B7BACDCCF7435D /* Copy Pods Resources */,
			);
			buildRules = (
			);
			dependencies = (
				78E52DB61BFD577400EDB819 /* PBXTargetDependency */,
			);
			name = ReactNativeWithPodsUITests;
			productName = ReactNativeWithPodsUITests;
			productReference = 78E52DB41BFD577400EDB819 /* ReactNativeWithPodsUITests.xctest */;
			productType = "com.apple.product-type.bundle.ui-testing";
		};
/* End PBXNativeTarget section */

/* Begin PBXProject section */
		78E52D8D1BFD577400EDB819 /* Project object */ = {
			isa = PBXProject;
			attributes = {
				LastSwiftUpdateCheck = 0710;
				LastUpgradeCheck = 0710;
				ORGANIZATIONNAME = bko;
				TargetAttributes = {
					78E52D941BFD577400EDB819 = {
						CreatedOnToolsVersion = 7.1.1;
					};
					78E52DA81BFD577400EDB819 = {
						CreatedOnToolsVersion = 7.1.1;
						TestTargetID = 78E52D941BFD577400EDB819;
					};
					78E52DB31BFD577400EDB819 = {
						CreatedOnToolsVersion = 7.1.1;
						TestTargetID = 78E52D941BFD577400EDB819;
					};
				};
			};
			buildConfigurationList = 78E52D901BFD577400EDB819 /* Build configuration list for PBXProject "ReactNativeWithPods" */;
			compatibilityVersion = "Xcode 3.2";
			developmentRegion = English;
			hasScannedForEncodings = 0;
			knownRegions = (
				en,
				Base,
			);
			mainGroup = 78E52D8C1BFD577400EDB819;
			productRefGroup = 78E52D961BFD577400EDB819 /* Products */;
			projectDirPath = "";
			projectRoot = "";
			targets = (
				78E52D941BFD577400EDB819 /* ReactNativeWithPods */,
				78E52DA81BFD577400EDB819 /* ReactNativeWithPodsTests */,
				78E52DB31BFD577400EDB819 /* ReactNativeWithPodsUITests */,
			);
		};
/* End PBXProject section */

/* Begin PBXResourcesBuildPhase section */
		78E52D931BFD577400EDB819 /* Resources */ = {
			isa = PBXResourcesBuildPhase;
			buildActionMask = 2147483647;
			files = (
				78D9A0481BFDE4CA00FF29F8 /* websites in Resources */,
				78E52DA31BFD577400EDB819 /* LaunchScreen.storyboard in Resources */,
				7853241F1BFDE9B400556CCF /* RNComponents in Resources */,
				78E52DA01BFD577400EDB819 /* Assets.xcassets in Resources */,
			);
			runOnlyForDeploymentPostprocessing = 0;
		};
		78E52DA71BFD577400EDB819 /* Resources */ = {
			isa = PBXResourcesBuildPhase;
			buildActionMask = 2147483647;
			files = (
			);
			runOnlyForDeploymentPostprocessing = 0;
		};
		78E52DB21BFD577400EDB819 /* Resources */ = {
			isa = PBXResourcesBuildPhase;
			buildActionMask = 2147483647;
			files = (
			);
			runOnlyForDeploymentPostprocessing = 0;
		};
/* End PBXResourcesBuildPhase section */

/* Begin PBXShellScriptBuildPhase section */
		234C20AE3E6935B1E3CF3F22 /* Embed Pods Frameworks */ = {
			isa = PBXShellScriptBuildPhase;
			buildActionMask = 2147483647;
			files = (
			);
			inputPaths = (
			);
			name = "Embed Pods Frameworks";
			outputPaths = (
			);
			runOnlyForDeploymentPostprocessing = 0;
			shellPath = /bin/sh;
			shellScript = "\"${SRCROOT}/Pods/Target Support Files/Pods-ReactNativeWithPodsTests/Pods-ReactNativeWithPodsTests-frameworks.sh\"\n";
			showEnvVarsInLog = 0;
		};
		27828BF4B09242B0C2A9A926 /* Check Pods Manifest.lock */ = {
			isa = PBXShellScriptBuildPhase;
			buildActionMask = 2147483647;
			files = (
			);
			inputPaths = (
			);
			name = "Check Pods Manifest.lock";
			outputPaths = (
			);
			runOnlyForDeploymentPostprocessing = 0;
			shellPath = /bin/sh;
			shellScript = "diff \"${PODS_ROOT}/../Podfile.lock\" \"${PODS_ROOT}/Manifest.lock\" > /dev/null\nif [[ $? != 0 ]] ; then\n    cat << EOM\nerror: The sandbox is not in sync with the Podfile.lock. Run 'pod install' or update your CocoaPods installation.\nEOM\n    exit 1\nfi\n";
			showEnvVarsInLog = 0;
		};
		581E6634B2B7BACDCCF7435D /* Copy Pods Resources */ = {
			isa = PBXShellScriptBuildPhase;
			buildActionMask = 2147483647;
			files = (
			);
			inputPaths = (
			);
			name = "Copy Pods Resources";
			outputPaths = (
			);
			runOnlyForDeploymentPostprocessing = 0;
			shellPath = /bin/sh;
			shellScript = "\"${SRCROOT}/Pods/Target Support Files/Pods-ReactNativeWithPodsUITests/Pods-ReactNativeWithPodsUITests-resources.sh\"\n";
			showEnvVarsInLog = 0;
		};
		5BF00B9972CD5B5AF5767900 /* Check Pods Manifest.lock */ = {
			isa = PBXShellScriptBuildPhase;
			buildActionMask = 2147483647;
			files = (
			);
			inputPaths = (
			);
			name = "Check Pods Manifest.lock";
			outputPaths = (
			);
			runOnlyForDeploymentPostprocessing = 0;
			shellPath = /bin/sh;
			shellScript = "diff \"${PODS_ROOT}/../Podfile.lock\" \"${PODS_ROOT}/Manifest.lock\" > /dev/null\nif [[ $? != 0 ]] ; then\n    cat << EOM\nerror: The sandbox is not in sync with the Podfile.lock. Run 'pod install' or update your CocoaPods installation.\nEOM\n    exit 1\nfi\n";
			showEnvVarsInLog = 0;
		};
		7C1F2C98374D5F84073D0589 /* Embed Pods Frameworks */ = {
			isa = PBXShellScriptBuildPhase;
			buildActionMask = 2147483647;
			files = (
			);
			inputPaths = (
			);
			name = "Embed Pods Frameworks";
			outputPaths = (
			);
			runOnlyForDeploymentPostprocessing = 0;
			shellPath = /bin/sh;
			shellScript = "\"${SRCROOT}/Pods/Target Support Files/Pods-ReactNativeWithPods/Pods-ReactNativeWithPods-frameworks.sh\"\n";
			showEnvVarsInLog = 0;
		};
		8964500DC755E2B3F8D1E93A /* Copy Pods Resources */ = {
			isa = PBXShellScriptBuildPhase;
			buildActionMask = 2147483647;
			files = (
			);
			inputPaths = (
			);
			name = "Copy Pods Resources";
			outputPaths = (
			);
			runOnlyForDeploymentPostprocessing = 0;
			shellPath = /bin/sh;
			shellScript = "\"${SRCROOT}/Pods/Target Support Files/Pods-ReactNativeWithPodsTests/Pods-ReactNativeWithPodsTests-resources.sh\"\n";
			showEnvVarsInLog = 0;
		};
		B02B836BFE4C7ACB18835879 /* Check Pods Manifest.lock */ = {
			isa = PBXShellScriptBuildPhase;
			buildActionMask = 2147483647;
			files = (
			);
			inputPaths = (
			);
			name = "Check Pods Manifest.lock";
			outputPaths = (
			);
			runOnlyForDeploymentPostprocessing = 0;
			shellPath = /bin/sh;
			shellScript = "diff \"${PODS_ROOT}/../Podfile.lock\" \"${PODS_ROOT}/Manifest.lock\" > /dev/null\nif [[ $? != 0 ]] ; then\n    cat << EOM\nerror: The sandbox is not in sync with the Podfile.lock. Run 'pod install' or update your CocoaPods installation.\nEOM\n    exit 1\nfi\n";
			showEnvVarsInLog = 0;
		};
		BF12A1122EF9CF6B24CAEDF1 /* Copy Pods Resources */ = {
			isa = PBXShellScriptBuildPhase;
			buildActionMask = 2147483647;
			files = (
			);
			inputPaths = (
			);
			name = "Copy Pods Resources";
			outputPaths = (
			);
			runOnlyForDeploymentPostprocessing = 0;
			shellPath = /bin/sh;
			shellScript = "\"${SRCROOT}/Pods/Target Support Files/Pods-ReactNativeWithPods/Pods-ReactNativeWithPods-resources.sh\"\n";
			showEnvVarsInLog = 0;
		};
/* End PBXShellScriptBuildPhase section */

/* Begin PBXSourcesBuildPhase section */
		78E52D911BFD577400EDB819 /* Sources */ = {
			isa = PBXSourcesBuildPhase;
			buildActionMask = 2147483647;
			files = (
				785106BB1BFDC91300640AA5 /* MyProtocol.swift in Sources */,
				78D9A0461BFDDE5E00FF29F8 /* Config.swift in Sources */,
				7886AA521C06B9A8006BBA2B /* Router.swift in Sources */,
				78E52D9B1BFD577400EDB819 /* ViewController.swift in Sources */,
				78E52D991BFD577400EDB819 /* AppDelegate.swift in Sources */,
			);
			runOnlyForDeploymentPostprocessing = 0;
		};
		78E52DA51BFD577400EDB819 /* Sources */ = {
			isa = PBXSourcesBuildPhase;
			buildActionMask = 2147483647;
			files = (
				78D9A0441BFDDD3100FF29F8 /* MyProtocolSpec.swift in Sources */,
			);
			runOnlyForDeploymentPostprocessing = 0;
		};
		78E52DB01BFD577400EDB819 /* Sources */ = {
			isa = PBXSourcesBuildPhase;
			buildActionMask = 2147483647;
			files = (
				78E52DB91BFD577400EDB819 /* ReactNativeWithPodsUITests.swift in Sources */,
			);
			runOnlyForDeploymentPostprocessing = 0;
		};
/* End PBXSourcesBuildPhase section */

/* Begin PBXTargetDependency section */
		78E52DAB1BFD577400EDB819 /* PBXTargetDependency */ = {
			isa = PBXTargetDependency;
			target = 78E52D941BFD577400EDB819 /* ReactNativeWithPods */;
			targetProxy = 78E52DAA1BFD577400EDB819 /* PBXContainerItemProxy */;
		};
		78E52DB61BFD577400EDB819 /* PBXTargetDependency */ = {
			isa = PBXTargetDependency;
			target = 78E52D941BFD577400EDB819 /* ReactNativeWithPods */;
			targetProxy = 78E52DB51BFD577400EDB819 /* PBXContainerItemProxy */;
		};
/* End PBXTargetDependency section */

/* Begin PBXVariantGroup section */
		78E52DA11BFD577400EDB819 /* LaunchScreen.storyboard */ = {
			isa = PBXVariantGroup;
			children = (
				78E52DA21BFD577400EDB819 /* Base */,
			);
			name = LaunchScreen.storyboard;
			sourceTree = "<group>";
		};
/* End PBXVariantGroup section */

/* Begin XCBuildConfiguration section */
		78E52DBB1BFD577400EDB819 /* Debug */ = {
			isa = XCBuildConfiguration;
			buildSettings = {
				ALWAYS_SEARCH_USER_PATHS = NO;
				CLANG_CXX_LANGUAGE_STANDARD = "gnu++0x";
				CLANG_CXX_LIBRARY = "libc++";
				CLANG_ENABLE_MODULES = YES;
				CLANG_ENABLE_OBJC_ARC = YES;
				CLANG_WARN_BOOL_CONVERSION = YES;
				CLANG_WARN_CONSTANT_CONVERSION = YES;
				CLANG_WARN_DIRECT_OBJC_ISA_USAGE = YES_ERROR;
				CLANG_WARN_EMPTY_BODY = YES;
				CLANG_WARN_ENUM_CONVERSION = YES;
				CLANG_WARN_INT_CONVERSION = YES;
				CLANG_WARN_OBJC_ROOT_CLASS = YES_ERROR;
				CLANG_WARN_UNREACHABLE_CODE = YES;
				CLANG_WARN__DUPLICATE_METHOD_MATCH = YES;
				"CODE_SIGN_IDENTITY[sdk=iphoneos*]" = "iPhone Developer";
				COPY_PHASE_STRIP = NO;
				DEBUG_INFORMATION_FORMAT = dwarf;
				ENABLE_STRICT_OBJC_MSGSEND = YES;
				ENABLE_TESTABILITY = YES;
				GCC_C_LANGUAGE_STANDARD = gnu99;
				GCC_DYNAMIC_NO_PIC = NO;
				GCC_NO_COMMON_BLOCKS = YES;
				GCC_OPTIMIZATION_LEVEL = 0;
				GCC_PREPROCESSOR_DEFINITIONS = (
					"DEBUG=1",
					"$(inherited)",
				);
				GCC_WARN_64_TO_32_BIT_CONVERSION = YES;
				GCC_WARN_ABOUT_RETURN_TYPE = YES_ERROR;
				GCC_WARN_UNDECLARED_SELECTOR = YES;
				GCC_WARN_UNINITIALIZED_AUTOS = YES_AGGRESSIVE;
				GCC_WARN_UNUSED_FUNCTION = YES;
				GCC_WARN_UNUSED_VARIABLE = YES;
				IPHONEOS_DEPLOYMENT_TARGET = 9.1;
				MTL_ENABLE_DEBUG_INFO = YES;
				ONLY_ACTIVE_ARCH = YES;
				SDKROOT = iphoneos;
				SWIFT_OPTIMIZATION_LEVEL = "-Onone";
				TARGETED_DEVICE_FAMILY = 2;
			};
			name = Debug;
		};
		78E52DBC1BFD577400EDB819 /* Release */ = {
			isa = XCBuildConfiguration;
			buildSettings = {
				ALWAYS_SEARCH_USER_PATHS = NO;
				CLANG_CXX_LANGUAGE_STANDARD = "gnu++0x";
				CLANG_CXX_LIBRARY = "libc++";
				CLANG_ENABLE_MODULES = YES;
				CLANG_ENABLE_OBJC_ARC = YES;
				CLANG_WARN_BOOL_CONVERSION = YES;
				CLANG_WARN_CONSTANT_CONVERSION = YES;
				CLANG_WARN_DIRECT_OBJC_ISA_USAGE = YES_ERROR;
				CLANG_WARN_EMPTY_BODY = YES;
				CLANG_WARN_ENUM_CONVERSION = YES;
				CLANG_WARN_INT_CONVERSION = YES;
				CLANG_WARN_OBJC_ROOT_CLASS = YES_ERROR;
				CLANG_WARN_UNREACHABLE_CODE = YES;
				CLANG_WARN__DUPLICATE_METHOD_MATCH = YES;
				"CODE_SIGN_IDENTITY[sdk=iphoneos*]" = "iPhone Developer";
				COPY_PHASE_STRIP = NO;
				DEBUG_INFORMATION_FORMAT = "dwarf-with-dsym";
				ENABLE_NS_ASSERTIONS = NO;
				ENABLE_STRICT_OBJC_MSGSEND = YES;
				GCC_C_LANGUAGE_STANDARD = gnu99;
				GCC_NO_COMMON_BLOCKS = YES;
				GCC_WARN_64_TO_32_BIT_CONVERSION = YES;
				GCC_WARN_ABOUT_RETURN_TYPE = YES_ERROR;
				GCC_WARN_UNDECLARED_SELECTOR = YES;
				GCC_WARN_UNINITIALIZED_AUTOS = YES_AGGRESSIVE;
				GCC_WARN_UNUSED_FUNCTION = YES;
				GCC_WARN_UNUSED_VARIABLE = YES;
				IPHONEOS_DEPLOYMENT_TARGET = 9.1;
				MTL_ENABLE_DEBUG_INFO = NO;
				SDKROOT = iphoneos;
				TARGETED_DEVICE_FAMILY = 2;
				VALIDATE_PRODUCT = YES;
			};
			name = Release;
		};
		78E52DBE1BFD577400EDB819 /* Debug */ = {
			isa = XCBuildConfiguration;
			baseConfigurationReference = 52509ECEDA6171DE04FCC05B /* Pods-ReactNativeWithPods.debug.xcconfig */;
			buildSettings = {
				ASSETCATALOG_COMPILER_APPICON_NAME = AppIcon;
				INFOPLIST_FILE = ReactNativeWithPods/Info.plist;
				LD_RUNPATH_SEARCH_PATHS = "$(inherited) @executable_path/Frameworks";
				PRODUCT_BUNDLE_IDENTIFIER = bko.ReactNativeWithPods;
				PRODUCT_NAME = "$(TARGET_NAME)";
				TARGETED_DEVICE_FAMILY = "1,2";
			};
			name = Debug;
		};
		78E52DBF1BFD577400EDB819 /* Release */ = {
			isa = XCBuildConfiguration;
			baseConfigurationReference = BA8B90B73B2238626C1E5C5F /* Pods-ReactNativeWithPods.release.xcconfig */;
			buildSettings = {
				ASSETCATALOG_COMPILER_APPICON_NAME = AppIcon;
				INFOPLIST_FILE = ReactNativeWithPods/Info.plist;
				LD_RUNPATH_SEARCH_PATHS = "$(inherited) @executable_path/Frameworks";
				PRODUCT_BUNDLE_IDENTIFIER = bko.ReactNativeWithPods;
				PRODUCT_NAME = "$(TARGET_NAME)";
				TARGETED_DEVICE_FAMILY = "1,2";
			};
			name = Release;
		};
		78E52DC11BFD577400EDB819 /* Debug */ = {
			isa = XCBuildConfiguration;
			baseConfigurationReference = 50353DE0AF7706E378C4A6C2 /* Pods-ReactNativeWithPodsTests.debug.xcconfig */;
			buildSettings = {
				BUNDLE_LOADER = "$(TEST_HOST)";
				CLANG_ENABLE_MODULES = YES;
				INFOPLIST_FILE = ReactNativeWithPodsTests/Info.plist;
				LD_RUNPATH_SEARCH_PATHS = "$(inherited) @executable_path/Frameworks @loader_path/Frameworks";
				PRODUCT_BUNDLE_IDENTIFIER = bko.ReactNativeWithPodsTests;
				PRODUCT_NAME = "$(TARGET_NAME)";
				SWIFT_OPTIMIZATION_LEVEL = "-Onone";
				TEST_HOST = "$(BUILT_PRODUCTS_DIR)/ReactNativeWithPods.app/ReactNativeWithPods";
			};
			name = Debug;
		};
		78E52DC21BFD577400EDB819 /* Release */ = {
			isa = XCBuildConfiguration;
			baseConfigurationReference = D7A58F43A1E51319DE1310CF /* Pods-ReactNativeWithPodsTests.release.xcconfig */;
			buildSettings = {
				BUNDLE_LOADER = "$(TEST_HOST)";
				CLANG_ENABLE_MODULES = YES;
				INFOPLIST_FILE = ReactNativeWithPodsTests/Info.plist;
				LD_RUNPATH_SEARCH_PATHS = "$(inherited) @executable_path/Frameworks @loader_path/Frameworks";
				PRODUCT_BUNDLE_IDENTIFIER = bko.ReactNativeWithPodsTests;
				PRODUCT_NAME = "$(TARGET_NAME)";
				TEST_HOST = "$(BUILT_PRODUCTS_DIR)/ReactNativeWithPods.app/ReactNativeWithPods";
			};
			name = Release;
		};
		78E52DC41BFD577400EDB819 /* Debug */ = {
			isa = XCBuildConfiguration;
			baseConfigurationReference = 57A3FE8D31F87A54757C8C09 /* Pods-ReactNativeWithPodsUITests.debug.xcconfig */;
			buildSettings = {
				INFOPLIST_FILE = ReactNativeWithPodsUITests/Info.plist;
				LD_RUNPATH_SEARCH_PATHS = "$(inherited) @executable_path/Frameworks @loader_path/Frameworks";
				PRODUCT_BUNDLE_IDENTIFIER = bko.ReactNativeWithPodsUITests;
				PRODUCT_NAME = "$(TARGET_NAME)";
				TEST_TARGET_NAME = ReactNativeWithPods;
				USES_XCTRUNNER = YES;
			};
			name = Debug;
		};
		78E52DC51BFD577400EDB819 /* Release */ = {
			isa = XCBuildConfiguration;
			baseConfigurationReference = 6077D919A02988AA30FA9E30 /* Pods-ReactNativeWithPodsUITests.release.xcconfig */;
			buildSettings = {
				INFOPLIST_FILE = ReactNativeWithPodsUITests/Info.plist;
				LD_RUNPATH_SEARCH_PATHS = "$(inherited) @executable_path/Frameworks @loader_path/Frameworks";
				PRODUCT_BUNDLE_IDENTIFIER = bko.ReactNativeWithPodsUITests;
				PRODUCT_NAME = "$(TARGET_NAME)";
				TEST_TARGET_NAME = ReactNativeWithPods;
				USES_XCTRUNNER = YES;
			};
			name = Release;
		};
/* End XCBuildConfiguration section */

/* Begin XCConfigurationList section */
		78E52D901BFD577400EDB819 /* Build configuration list for PBXProject "ReactNativeWithPods" */ = {
			isa = XCConfigurationList;
			buildConfigurations = (
				78E52DBB1BFD577400EDB819 /* Debug */,
				78E52DBC1BFD577400EDB819 /* Release */,
			);
			defaultConfigurationIsVisible = 0;
			defaultConfigurationName = Release;
		};
		78E52DBD1BFD577400EDB819 /* Build configuration list for PBXNativeTarget "ReactNativeWithPods" */ = {
			isa = XCConfigurationList;
			buildConfigurations = (
				78E52DBE1BFD577400EDB819 /* Debug */,
				78E52DBF1BFD577400EDB819 /* Release */,
			);
			defaultConfigurationIsVisible = 0;
			defaultConfigurationName = Release;
		};
		78E52DC01BFD577400EDB819 /* Build configuration list for PBXNativeTarget "ReactNativeWithPodsTests" */ = {
			isa = XCConfigurationList;
			buildConfigurations = (
				78E52DC11BFD577400EDB819 /* Debug */,
				78E52DC21BFD577400EDB819 /* Release */,
			);
			defaultConfigurationIsVisible = 0;
			defaultConfigurationName = Release;
		};
		78E52DC31BFD577400EDB819 /* Build configuration list for PBXNativeTarget "ReactNativeWithPodsUITests" */ = {
			isa = XCConfigurationList;
			buildConfigurations = (
				78E52DC41BFD577400EDB819 /* Debug */,
				78E52DC51BFD577400EDB819 /* Release */,
			);
			defaultConfigurationIsVisible = 0;
			defaultConfigurationName = Release;
		};
/* End XCConfigurationList section */
	};
	rootObject = 78E52D8D1BFD577400EDB819 /* Project object */;
}
