// !$*UTF8*$!
{
	archiveVersion = 1;
	classes = {
	};
	objectVersion = 46;
	objects = {

/* Begin PBXBuildFile section */
		782ED8C71BFB2F1200473457 /* main.m in Sources */ = {isa = PBXBuildFile; fileRef = 782ED8C61BFB2F1200473457 /* main.m */; };
		782ED8CA1BFB2F1200473457 /* AppDelegate.m in Sources */ = {isa = PBXBuildFile; fileRef = 782ED8C91BFB2F1200473457 /* AppDelegate.m */; };
		782ED8CD1BFB2F1200473457 /* ViewController.m in Sources */ = {isa = PBXBuildFile; fileRef = 782ED8CC1BFB2F1200473457 /* ViewController.m */; };
		782ED8D01BFB2F1200473457 /* Main.storyboard in Resources */ = {isa = PBXBuildFile; fileRef = 782ED8CE1BFB2F1200473457 /* Main.storyboard */; };
		782ED8D21BFB2F1200473457 /* Assets.xcassets in Resources */ = {isa = PBXBuildFile; fileRef = 782ED8D11BFB2F1200473457 /* Assets.xcassets */; };
		782ED8D51BFB2F1200473457 /* LaunchScreen.storyboard in Resources */ = {isa = PBXBuildFile; fileRef = 782ED8D31BFB2F1200473457 /* LaunchScreen.storyboard */; };
		782ED8E01BFB2F1200473457 /* ReactNativeWithPodsTests.m in Sources */ = {isa = PBXBuildFile; fileRef = 782ED8DF1BFB2F1200473457 /* ReactNativeWithPodsTests.m */; };
		782ED8EB1BFB2F1200473457 /* ReactNativeWithPodsUITests.m in Sources */ = {isa = PBXBuildFile; fileRef = 782ED8EA1BFB2F1200473457 /* ReactNativeWithPodsUITests.m */; };
		8299FE8D42CFF0A81290E044 /* libPods-ReactNativeWithPods.a in Frameworks */ = {isa = PBXBuildFile; fileRef = 1ED6720BCB6F29F7D1CBA7FA /* libPods-ReactNativeWithPods.a */; };
		97BD71D058B84447A805533C /* libPods-ReactNativeWithPodsTests.a in Frameworks */ = {isa = PBXBuildFile; fileRef = 9E5D53A514F3C0731D81F052 /* libPods-ReactNativeWithPodsTests.a */; };
/* End PBXBuildFile section */

/* Begin PBXContainerItemProxy section */
		782ED8DC1BFB2F1200473457 /* PBXContainerItemProxy */ = {
			isa = PBXContainerItemProxy;
			containerPortal = 782ED8BA1BFB2F1200473457 /* Project object */;
			proxyType = 1;
			remoteGlobalIDString = 782ED8C11BFB2F1200473457;
			remoteInfo = ReactNativeWithPods;
		};
		782ED8E71BFB2F1200473457 /* PBXContainerItemProxy */ = {
			isa = PBXContainerItemProxy;
			containerPortal = 782ED8BA1BFB2F1200473457 /* Project object */;
			proxyType = 1;
			remoteGlobalIDString = 782ED8C11BFB2F1200473457;
			remoteInfo = ReactNativeWithPods;
		};
/* End PBXContainerItemProxy section */

/* Begin PBXFileReference section */
		1ED6720BCB6F29F7D1CBA7FA /* libPods-ReactNativeWithPods.a */ = {isa = PBXFileReference; explicitFileType = archive.ar; includeInIndex = 0; path = "libPods-ReactNativeWithPods.a"; sourceTree = BUILT_PRODUCTS_DIR; };
		72FA8F5D57C7C725E5085BA6 /* Pods-ReactNativeWithPodsTests.release.xcconfig */ = {isa = PBXFileReference; includeInIndex = 1; lastKnownFileType = text.xcconfig; name = "Pods-ReactNativeWithPodsTests.release.xcconfig"; path = "Pods/Target Support Files/Pods-ReactNativeWithPodsTests/Pods-ReactNativeWithPodsTests.release.xcconfig"; sourceTree = "<group>"; };
		782ED8C21BFB2F1200473457 /* ReactNativeWithPods.app */ = {isa = PBXFileReference; explicitFileType = wrapper.application; includeInIndex = 0; path = ReactNativeWithPods.app; sourceTree = BUILT_PRODUCTS_DIR; };
		782ED8C61BFB2F1200473457 /* main.m */ = {isa = PBXFileReference; lastKnownFileType = sourcecode.c.objc; path = main.m; sourceTree = "<group>"; };
		782ED8C81BFB2F1200473457 /* AppDelegate.h */ = {isa = PBXFileReference; lastKnownFileType = sourcecode.c.h; path = AppDelegate.h; sourceTree = "<group>"; };
		782ED8C91BFB2F1200473457 /* AppDelegate.m */ = {isa = PBXFileReference; lastKnownFileType = sourcecode.c.objc; path = AppDelegate.m; sourceTree = "<group>"; };
		782ED8CB1BFB2F1200473457 /* ViewController.h */ = {isa = PBXFileReference; lastKnownFileType = sourcecode.c.h; path = ViewController.h; sourceTree = "<group>"; };
		782ED8CC1BFB2F1200473457 /* ViewController.m */ = {isa = PBXFileReference; lastKnownFileType = sourcecode.c.objc; path = ViewController.m; sourceTree = "<group>"; };
		782ED8CF1BFB2F1200473457 /* Base */ = {isa = PBXFileReference; lastKnownFileType = file.storyboard; name = Base; path = Base.lproj/Main.storyboard; sourceTree = "<group>"; };
		782ED8D11BFB2F1200473457 /* Assets.xcassets */ = {isa = PBXFileReference; lastKnownFileType = folder.assetcatalog; path = Assets.xcassets; sourceTree = "<group>"; };
		782ED8D41BFB2F1200473457 /* Base */ = {isa = PBXFileReference; lastKnownFileType = file.storyboard; name = Base; path = Base.lproj/LaunchScreen.storyboard; sourceTree = "<group>"; };
		782ED8D61BFB2F1200473457 /* Info.plist */ = {isa = PBXFileReference; lastKnownFileType = text.plist.xml; path = Info.plist; sourceTree = "<group>"; };
		782ED8DB1BFB2F1200473457 /* ReactNativeWithPodsTests.xctest */ = {isa = PBXFileReference; explicitFileType = wrapper.cfbundle; includeInIndex = 0; path = ReactNativeWithPodsTests.xctest; sourceTree = BUILT_PRODUCTS_DIR; };
		782ED8DF1BFB2F1200473457 /* ReactNativeWithPodsTests.m */ = {isa = PBXFileReference; lastKnownFileType = sourcecode.c.objc; path = ReactNativeWithPodsTests.m; sourceTree = "<group>"; };
		782ED8E11BFB2F1200473457 /* Info.plist */ = {isa = PBXFileReference; lastKnownFileType = text.plist.xml; path = Info.plist; sourceTree = "<group>"; };
		782ED8E61BFB2F1200473457 /* ReactNativeWithPodsUITests.xctest */ = {isa = PBXFileReference; explicitFileType = wrapper.cfbundle; includeInIndex = 0; path = ReactNativeWithPodsUITests.xctest; sourceTree = BUILT_PRODUCTS_DIR; };
		782ED8EA1BFB2F1200473457 /* ReactNativeWithPodsUITests.m */ = {isa = PBXFileReference; lastKnownFileType = sourcecode.c.objc; path = ReactNativeWithPodsUITests.m; sourceTree = "<group>"; };
		782ED8EC1BFB2F1200473457 /* Info.plist */ = {isa = PBXFileReference; lastKnownFileType = text.plist.xml; path = Info.plist; sourceTree = "<group>"; };
		8DF57209D617A1152463CD94 /* Pods-ReactNativeWithPods.debug.xcconfig */ = {isa = PBXFileReference; includeInIndex = 1; lastKnownFileType = text.xcconfig; name = "Pods-ReactNativeWithPods.debug.xcconfig"; path = "Pods/Target Support Files/Pods-ReactNativeWithPods/Pods-ReactNativeWithPods.debug.xcconfig"; sourceTree = "<group>"; };
		9E5D53A514F3C0731D81F052 /* libPods-ReactNativeWithPodsTests.a */ = {isa = PBXFileReference; explicitFileType = archive.ar; includeInIndex = 0; path = "libPods-ReactNativeWithPodsTests.a"; sourceTree = BUILT_PRODUCTS_DIR; };
		F32ED6F67526E0BC73E443B5 /* Pods-ReactNativeWithPodsTests.debug.xcconfig */ = {isa = PBXFileReference; includeInIndex = 1; lastKnownFileType = text.xcconfig; name = "Pods-ReactNativeWithPodsTests.debug.xcconfig"; path = "Pods/Target Support Files/Pods-ReactNativeWithPodsTests/Pods-ReactNativeWithPodsTests.debug.xcconfig"; sourceTree = "<group>"; };
		F6B99F897790335FA3AFCA9B /* Pods-ReactNativeWithPods.release.xcconfig */ = {isa = PBXFileReference; includeInIndex = 1; lastKnownFileType = text.xcconfig; name = "Pods-ReactNativeWithPods.release.xcconfig"; path = "Pods/Target Support Files/Pods-ReactNativeWithPods/Pods-ReactNativeWithPods.release.xcconfig"; sourceTree = "<group>"; };
/* End PBXFileReference section */

/* Begin PBXFrameworksBuildPhase section */
		782ED8BF1BFB2F1200473457 /* Frameworks */ = {
			isa = PBXFrameworksBuildPhase;
			buildActionMask = 2147483647;
			files = (
				8299FE8D42CFF0A81290E044 /* libPods-ReactNativeWithPods.a in Frameworks */,
			);
			runOnlyForDeploymentPostprocessing = 0;
		};
		782ED8D81BFB2F1200473457 /* Frameworks */ = {
			isa = PBXFrameworksBuildPhase;
			buildActionMask = 2147483647;
			files = (
				97BD71D058B84447A805533C /* libPods-ReactNativeWithPodsTests.a in Frameworks */,
			);
			runOnlyForDeploymentPostprocessing = 0;
		};
		782ED8E31BFB2F1200473457 /* Frameworks */ = {
			isa = PBXFrameworksBuildPhase;
			buildActionMask = 2147483647;
			files = (
			);
			runOnlyForDeploymentPostprocessing = 0;
		};
/* End PBXFrameworksBuildPhase section */

/* Begin PBXGroup section */
		21DC0A0A16B82EB9B2B22699 /* Pods */ = {
			isa = PBXGroup;
			children = (
				8DF57209D617A1152463CD94 /* Pods-ReactNativeWithPods.debug.xcconfig */,
				F6B99F897790335FA3AFCA9B /* Pods-ReactNativeWithPods.release.xcconfig */,
				F32ED6F67526E0BC73E443B5 /* Pods-ReactNativeWithPodsTests.debug.xcconfig */,
				72FA8F5D57C7C725E5085BA6 /* Pods-ReactNativeWithPodsTests.release.xcconfig */,
			);
			name = Pods;
			sourceTree = "<group>";
		};
		782ED8B91BFB2F1200473457 = {
			isa = PBXGroup;
			children = (
				782ED8C41BFB2F1200473457 /* ReactNativeWithPods */,
				782ED8DE1BFB2F1200473457 /* ReactNativeWithPodsTests */,
				782ED8E91BFB2F1200473457 /* ReactNativeWithPodsUITests */,
				782ED8C31BFB2F1200473457 /* Products */,
				21DC0A0A16B82EB9B2B22699 /* Pods */,
				DCA0EA0FF3DCEF32564E4303 /* Frameworks */,
			);
			sourceTree = "<group>";
		};
		782ED8C31BFB2F1200473457 /* Products */ = {
			isa = PBXGroup;
			children = (
				782ED8C21BFB2F1200473457 /* ReactNativeWithPods.app */,
				782ED8DB1BFB2F1200473457 /* ReactNativeWithPodsTests.xctest */,
				782ED8E61BFB2F1200473457 /* ReactNativeWithPodsUITests.xctest */,
			);
			name = Products;
			sourceTree = "<group>";
		};
		782ED8C41BFB2F1200473457 /* ReactNativeWithPods */ = {
			isa = PBXGroup;
			children = (
				782ED8C81BFB2F1200473457 /* AppDelegate.h */,
				782ED8C91BFB2F1200473457 /* AppDelegate.m */,
				782ED8CB1BFB2F1200473457 /* ViewController.h */,
				782ED8CC1BFB2F1200473457 /* ViewController.m */,
				782ED8CE1BFB2F1200473457 /* Main.storyboard */,
				782ED8D11BFB2F1200473457 /* Assets.xcassets */,
				782ED8D31BFB2F1200473457 /* LaunchScreen.storyboard */,
				782ED8D61BFB2F1200473457 /* Info.plist */,
				782ED8C51BFB2F1200473457 /* Supporting Files */,
			);
			path = ReactNativeWithPods;
			sourceTree = "<group>";
		};
		782ED8C51BFB2F1200473457 /* Supporting Files */ = {
			isa = PBXGroup;
			children = (
				782ED8C61BFB2F1200473457 /* main.m */,
			);
			name = "Supporting Files";
			sourceTree = "<group>";
		};
		782ED8DE1BFB2F1200473457 /* ReactNativeWithPodsTests */ = {
			isa = PBXGroup;
			children = (
				782ED8DF1BFB2F1200473457 /* ReactNativeWithPodsTests.m */,
				782ED8E11BFB2F1200473457 /* Info.plist */,
			);
			path = ReactNativeWithPodsTests;
			sourceTree = "<group>";
		};
		782ED8E91BFB2F1200473457 /* ReactNativeWithPodsUITests */ = {
			isa = PBXGroup;
			children = (
				782ED8EA1BFB2F1200473457 /* ReactNativeWithPodsUITests.m */,
				782ED8EC1BFB2F1200473457 /* Info.plist */,
			);
			path = ReactNativeWithPodsUITests;
			sourceTree = "<group>";
		};
		DCA0EA0FF3DCEF32564E4303 /* Frameworks */ = {
			isa = PBXGroup;
			children = (
				1ED6720BCB6F29F7D1CBA7FA /* libPods-ReactNativeWithPods.a */,
				9E5D53A514F3C0731D81F052 /* libPods-ReactNativeWithPodsTests.a */,
			);
			name = Frameworks;
			sourceTree = "<group>";
		};
/* End PBXGroup section */

/* Begin PBXNativeTarget section */
		782ED8C11BFB2F1200473457 /* ReactNativeWithPods */ = {
			isa = PBXNativeTarget;
			buildConfigurationList = 782ED8EF1BFB2F1200473457 /* Build configuration list for PBXNativeTarget "ReactNativeWithPods" */;
			buildPhases = (
				C52069323BF651F92358645F /* Check Pods Manifest.lock */,
				782ED8BE1BFB2F1200473457 /* Sources */,
				782ED8BF1BFB2F1200473457 /* Frameworks */,
				782ED8C01BFB2F1200473457 /* Resources */,
				06B68D98D2D0BE0C187796CE /* Embed Pods Frameworks */,
				CC930F366153F4D37C62C617 /* Copy Pods Resources */,
			);
			buildRules = (
			);
			dependencies = (
			);
			name = ReactNativeWithPods;
			productName = ReactNativeWithPods;
			productReference = 782ED8C21BFB2F1200473457 /* ReactNativeWithPods.app */;
			productType = "com.apple.product-type.application";
		};
		782ED8DA1BFB2F1200473457 /* ReactNativeWithPodsTests */ = {
			isa = PBXNativeTarget;
			buildConfigurationList = 782ED8F21BFB2F1200473457 /* Build configuration list for PBXNativeTarget "ReactNativeWithPodsTests" */;
			buildPhases = (
				E82572D61A00EAC80B3BE0FD /* Check Pods Manifest.lock */,
				782ED8D71BFB2F1200473457 /* Sources */,
				782ED8D81BFB2F1200473457 /* Frameworks */,
				782ED8D91BFB2F1200473457 /* Resources */,
				0C50F6ED8BE30D17113C1E4B /* Embed Pods Frameworks */,
				5FFBDD56C41DBB9583373015 /* Copy Pods Resources */,
			);
			buildRules = (
			);
			dependencies = (
				782ED8DD1BFB2F1200473457 /* PBXTargetDependency */,
			);
			name = ReactNativeWithPodsTests;
			productName = ReactNativeWithPodsTests;
			productReference = 782ED8DB1BFB2F1200473457 /* ReactNativeWithPodsTests.xctest */;
			productType = "com.apple.product-type.bundle.unit-test";
		};
		782ED8E51BFB2F1200473457 /* ReactNativeWithPodsUITests */ = {
			isa = PBXNativeTarget;
			buildConfigurationList = 782ED8F51BFB2F1200473457 /* Build configuration list for PBXNativeTarget "ReactNativeWithPodsUITests" */;
			buildPhases = (
				782ED8E21BFB2F1200473457 /* Sources */,
				782ED8E31BFB2F1200473457 /* Frameworks */,
				782ED8E41BFB2F1200473457 /* Resources */,
			);
			buildRules = (
			);
			dependencies = (
				782ED8E81BFB2F1200473457 /* PBXTargetDependency */,
			);
			name = ReactNativeWithPodsUITests;
			productName = ReactNativeWithPodsUITests;
			productReference = 782ED8E61BFB2F1200473457 /* ReactNativeWithPodsUITests.xctest */;
			productType = "com.apple.product-type.bundle.ui-testing";
		};
/* End PBXNativeTarget section */

/* Begin PBXProject section */
		782ED8BA1BFB2F1200473457 /* Project object */ = {
			isa = PBXProject;
			attributes = {
				LastUpgradeCheck = 0710;
				ORGANIZATIONNAME = bko;
				TargetAttributes = {
					782ED8C11BFB2F1200473457 = {
						CreatedOnToolsVersion = 7.1.1;
					};
					782ED8DA1BFB2F1200473457 = {
						CreatedOnToolsVersion = 7.1.1;
						TestTargetID = 782ED8C11BFB2F1200473457;
					};
					782ED8E51BFB2F1200473457 = {
						CreatedOnToolsVersion = 7.1.1;
						TestTargetID = 782ED8C11BFB2F1200473457;
					};
				};
			};
			buildConfigurationList = 782ED8BD1BFB2F1200473457 /* Build configuration list for PBXProject "ReactNativeWithPods" */;
			compatibilityVersion = "Xcode 3.2";
			developmentRegion = English;
			hasScannedForEncodings = 0;
			knownRegions = (
				en,
				Base,
			);
			mainGroup = 782ED8B91BFB2F1200473457;
			productRefGroup = 782ED8C31BFB2F1200473457 /* Products */;
			projectDirPath = "";
			projectRoot = "";
			targets = (
				782ED8C11BFB2F1200473457 /* ReactNativeWithPods */,
				782ED8DA1BFB2F1200473457 /* ReactNativeWithPodsTests */,
				782ED8E51BFB2F1200473457 /* ReactNativeWithPodsUITests */,
			);
		};
/* End PBXProject section */

/* Begin PBXResourcesBuildPhase section */
		782ED8C01BFB2F1200473457 /* Resources */ = {
			isa = PBXResourcesBuildPhase;
			buildActionMask = 2147483647;
			files = (
				782ED8D51BFB2F1200473457 /* LaunchScreen.storyboard in Resources */,
				782ED8D21BFB2F1200473457 /* Assets.xcassets in Resources */,
				782ED8D01BFB2F1200473457 /* Main.storyboard in Resources */,
			);
			runOnlyForDeploymentPostprocessing = 0;
		};
		782ED8D91BFB2F1200473457 /* Resources */ = {
			isa = PBXResourcesBuildPhase;
			buildActionMask = 2147483647;
			files = (
			);
			runOnlyForDeploymentPostprocessing = 0;
		};
		782ED8E41BFB2F1200473457 /* Resources */ = {
			isa = PBXResourcesBuildPhase;
			buildActionMask = 2147483647;
			files = (
			);
			runOnlyForDeploymentPostprocessing = 0;
		};
/* End PBXResourcesBuildPhase section */

/* Begin PBXShellScriptBuildPhase section */
		06B68D98D2D0BE0C187796CE /* Embed Pods Frameworks */ = {
			isa = PBXShellScriptBuildPhase;
			buildActionMask = 2147483647;
			files = (
			);
			inputPaths = (
			);
			name = "Embed Pods Frameworks";
			outputPaths = (
			);
			runOnlyForDeploymentPostprocessing = 0;
			shellPath = /bin/sh;
			shellScript = "\"${SRCROOT}/Pods/Target Support Files/Pods-ReactNativeWithPods/Pods-ReactNativeWithPods-frameworks.sh\"\n";
			showEnvVarsInLog = 0;
		};
		0C50F6ED8BE30D17113C1E4B /* Embed Pods Frameworks */ = {
			isa = PBXShellScriptBuildPhase;
			buildActionMask = 2147483647;
			files = (
			);
			inputPaths = (
			);
			name = "Embed Pods Frameworks";
			outputPaths = (
			);
			runOnlyForDeploymentPostprocessing = 0;
			shellPath = /bin/sh;
			shellScript = "\"${SRCROOT}/Pods/Target Support Files/Pods-ReactNativeWithPodsTests/Pods-ReactNativeWithPodsTests-frameworks.sh\"\n";
			showEnvVarsInLog = 0;
		};
		5FFBDD56C41DBB9583373015 /* Copy Pods Resources */ = {
			isa = PBXShellScriptBuildPhase;
			buildActionMask = 2147483647;
			files = (
			);
			inputPaths = (
			);
			name = "Copy Pods Resources";
			outputPaths = (
			);
			runOnlyForDeploymentPostprocessing = 0;
			shellPath = /bin/sh;
			shellScript = "\"${SRCROOT}/Pods/Target Support Files/Pods-ReactNativeWithPodsTests/Pods-ReactNativeWithPodsTests-resources.sh\"\n";
			showEnvVarsInLog = 0;
		};
		C52069323BF651F92358645F /* Check Pods Manifest.lock */ = {
			isa = PBXShellScriptBuildPhase;
			buildActionMask = 2147483647;
			files = (
			);
			inputPaths = (
			);
			name = "Check Pods Manifest.lock";
			outputPaths = (
			);
			runOnlyForDeploymentPostprocessing = 0;
			shellPath = /bin/sh;
			shellScript = "diff \"${PODS_ROOT}/../Podfile.lock\" \"${PODS_ROOT}/Manifest.lock\" > /dev/null\nif [[ $? != 0 ]] ; then\n    cat << EOM\nerror: The sandbox is not in sync with the Podfile.lock. Run 'pod install' or update your CocoaPods installation.\nEOM\n    exit 1\nfi\n";
			showEnvVarsInLog = 0;
		};
		CC930F366153F4D37C62C617 /* Copy Pods Resources */ = {
			isa = PBXShellScriptBuildPhase;
			buildActionMask = 2147483647;
			files = (
			);
			inputPaths = (
			);
			name = "Copy Pods Resources";
			outputPaths = (
			);
			runOnlyForDeploymentPostprocessing = 0;
			shellPath = /bin/sh;
			shellScript = "\"${SRCROOT}/Pods/Target Support Files/Pods-ReactNativeWithPods/Pods-ReactNativeWithPods-resources.sh\"\n";
			showEnvVarsInLog = 0;
		};
		E82572D61A00EAC80B3BE0FD /* Check Pods Manifest.lock */ = {
			isa = PBXShellScriptBuildPhase;
			buildActionMask = 2147483647;
			files = (
			);
			inputPaths = (
			);
			name = "Check Pods Manifest.lock";
			outputPaths = (
			);
			runOnlyForDeploymentPostprocessing = 0;
			shellPath = /bin/sh;
			shellScript = "diff \"${PODS_ROOT}/../Podfile.lock\" \"${PODS_ROOT}/Manifest.lock\" > /dev/null\nif [[ $? != 0 ]] ; then\n    cat << EOM\nerror: The sandbox is not in sync with the Podfile.lock. Run 'pod install' or update your CocoaPods installation.\nEOM\n    exit 1\nfi\n";
			showEnvVarsInLog = 0;
		};
/* End PBXShellScriptBuildPhase section */

/* Begin PBXSourcesBuildPhase section */
		782ED8BE1BFB2F1200473457 /* Sources */ = {
			isa = PBXSourcesBuildPhase;
			buildActionMask = 2147483647;
			files = (
				782ED8CD1BFB2F1200473457 /* ViewController.m in Sources */,
				782ED8CA1BFB2F1200473457 /* AppDelegate.m in Sources */,
				782ED8C71BFB2F1200473457 /* main.m in Sources */,
			);
			runOnlyForDeploymentPostprocessing = 0;
		};
		782ED8D71BFB2F1200473457 /* Sources */ = {
			isa = PBXSourcesBuildPhase;
			buildActionMask = 2147483647;
			files = (
				782ED8E01BFB2F1200473457 /* ReactNativeWithPodsTests.m in Sources */,
			);
			runOnlyForDeploymentPostprocessing = 0;
		};
		782ED8E21BFB2F1200473457 /* Sources */ = {
			isa = PBXSourcesBuildPhase;
			buildActionMask = 2147483647;
			files = (
				782ED8EB1BFB2F1200473457 /* ReactNativeWithPodsUITests.m in Sources */,
			);
			runOnlyForDeploymentPostprocessing = 0;
		};
/* End PBXSourcesBuildPhase section */

/* Begin PBXTargetDependency section */
		782ED8DD1BFB2F1200473457 /* PBXTargetDependency */ = {
			isa = PBXTargetDependency;
			target = 782ED8C11BFB2F1200473457 /* ReactNativeWithPods */;
			targetProxy = 782ED8DC1BFB2F1200473457 /* PBXContainerItemProxy */;
		};
		782ED8E81BFB2F1200473457 /* PBXTargetDependency */ = {
			isa = PBXTargetDependency;
			target = 782ED8C11BFB2F1200473457 /* ReactNativeWithPods */;
			targetProxy = 782ED8E71BFB2F1200473457 /* PBXContainerItemProxy */;
		};
/* End PBXTargetDependency section */

/* Begin PBXVariantGroup section */
		782ED8CE1BFB2F1200473457 /* Main.storyboard */ = {
			isa = PBXVariantGroup;
			children = (
				782ED8CF1BFB2F1200473457 /* Base */,
			);
			name = Main.storyboard;
			sourceTree = "<group>";
		};
		782ED8D31BFB2F1200473457 /* LaunchScreen.storyboard */ = {
			isa = PBXVariantGroup;
			children = (
				782ED8D41BFB2F1200473457 /* Base */,
			);
			name = LaunchScreen.storyboard;
			sourceTree = "<group>";
		};
/* End PBXVariantGroup section */

/* Begin XCBuildConfiguration section */
		782ED8ED1BFB2F1200473457 /* Debug */ = {
			isa = XCBuildConfiguration;
			buildSettings = {
				ALWAYS_SEARCH_USER_PATHS = NO;
				CLANG_CXX_LANGUAGE_STANDARD = "gnu++0x";
				CLANG_CXX_LIBRARY = "libc++";
				CLANG_ENABLE_MODULES = YES;
				CLANG_ENABLE_OBJC_ARC = YES;
				CLANG_WARN_BOOL_CONVERSION = YES;
				CLANG_WARN_CONSTANT_CONVERSION = YES;
				CLANG_WARN_DIRECT_OBJC_ISA_USAGE = YES_ERROR;
				CLANG_WARN_EMPTY_BODY = YES;
				CLANG_WARN_ENUM_CONVERSION = YES;
				CLANG_WARN_INT_CONVERSION = YES;
				CLANG_WARN_OBJC_ROOT_CLASS = YES_ERROR;
				CLANG_WARN_UNREACHABLE_CODE = YES;
				CLANG_WARN__DUPLICATE_METHOD_MATCH = YES;
				"CODE_SIGN_IDENTITY[sdk=iphoneos*]" = "iPhone Developer";
				COPY_PHASE_STRIP = NO;
				DEBUG_INFORMATION_FORMAT = dwarf;
				ENABLE_STRICT_OBJC_MSGSEND = YES;
				ENABLE_TESTABILITY = YES;
				GCC_C_LANGUAGE_STANDARD = gnu99;
				GCC_DYNAMIC_NO_PIC = NO;
				GCC_NO_COMMON_BLOCKS = YES;
				GCC_OPTIMIZATION_LEVEL = 0;
				GCC_PREPROCESSOR_DEFINITIONS = (
					"DEBUG=1",
					"$(inherited)",
				);
				GCC_WARN_64_TO_32_BIT_CONVERSION = YES;
				GCC_WARN_ABOUT_RETURN_TYPE = YES_ERROR;
				GCC_WARN_UNDECLARED_SELECTOR = YES;
				GCC_WARN_UNINITIALIZED_AUTOS = YES_AGGRESSIVE;
				GCC_WARN_UNUSED_FUNCTION = YES;
				GCC_WARN_UNUSED_VARIABLE = YES;
				IPHONEOS_DEPLOYMENT_TARGET = 9.1;
				MTL_ENABLE_DEBUG_INFO = YES;
				ONLY_ACTIVE_ARCH = YES;
				SDKROOT = iphoneos;
				TARGETED_DEVICE_FAMILY = 2;
			};
			name = Debug;
		};
		782ED8EE1BFB2F1200473457 /* Release */ = {
			isa = XCBuildConfiguration;
			buildSettings = {
				ALWAYS_SEARCH_USER_PATHS = NO;
				CLANG_CXX_LANGUAGE_STANDARD = "gnu++0x";
				CLANG_CXX_LIBRARY = "libc++";
				CLANG_ENABLE_MODULES = YES;
				CLANG_ENABLE_OBJC_ARC = YES;
				CLANG_WARN_BOOL_CONVERSION = YES;
				CLANG_WARN_CONSTANT_CONVERSION = YES;
				CLANG_WARN_DIRECT_OBJC_ISA_USAGE = YES_ERROR;
				CLANG_WARN_EMPTY_BODY = YES;
				CLANG_WARN_ENUM_CONVERSION = YES;
				CLANG_WARN_INT_CONVERSION = YES;
				CLANG_WARN_OBJC_ROOT_CLASS = YES_ERROR;
				CLANG_WARN_UNREACHABLE_CODE = YES;
				CLANG_WARN__DUPLICATE_METHOD_MATCH = YES;
				"CODE_SIGN_IDENTITY[sdk=iphoneos*]" = "iPhone Developer";
				COPY_PHASE_STRIP = NO;
				DEBUG_INFORMATION_FORMAT = "dwarf-with-dsym";
				ENABLE_NS_ASSERTIONS = NO;
				ENABLE_STRICT_OBJC_MSGSEND = YES;
				GCC_C_LANGUAGE_STANDARD = gnu99;
				GCC_NO_COMMON_BLOCKS = YES;
				GCC_WARN_64_TO_32_BIT_CONVERSION = YES;
				GCC_WARN_ABOUT_RETURN_TYPE = YES_ERROR;
				GCC_WARN_UNDECLARED_SELECTOR = YES;
				GCC_WARN_UNINITIALIZED_AUTOS = YES_AGGRESSIVE;
				GCC_WARN_UNUSED_FUNCTION = YES;
				GCC_WARN_UNUSED_VARIABLE = YES;
				IPHONEOS_DEPLOYMENT_TARGET = 9.1;
				MTL_ENABLE_DEBUG_INFO = NO;
				SDKROOT = iphoneos;
				TARGETED_DEVICE_FAMILY = 2;
				VALIDATE_PRODUCT = YES;
			};
			name = Release;
		};
		782ED8F01BFB2F1200473457 /* Debug */ = {
			isa = XCBuildConfiguration;
			baseConfigurationReference = 8DF57209D617A1152463CD94 /* Pods-ReactNativeWithPods.debug.xcconfig */;
			buildSettings = {
				ASSETCATALOG_COMPILER_APPICON_NAME = AppIcon;
				INFOPLIST_FILE = ReactNativeWithPods/Info.plist;
				LD_RUNPATH_SEARCH_PATHS = "$(inherited) @executable_path/Frameworks";
				PRODUCT_BUNDLE_IDENTIFIER = bko.ReactNativeWithPods;
				PRODUCT_NAME = "$(TARGET_NAME)";
			};
			name = Debug;
		};
		782ED8F11BFB2F1200473457 /* Release */ = {
			isa = XCBuildConfiguration;
			baseConfigurationReference = F6B99F897790335FA3AFCA9B /* Pods-ReactNativeWithPods.release.xcconfig */;
			buildSettings = {
				ASSETCATALOG_COMPILER_APPICON_NAME = AppIcon;
				INFOPLIST_FILE = ReactNativeWithPods/Info.plist;
				LD_RUNPATH_SEARCH_PATHS = "$(inherited) @executable_path/Frameworks";
				PRODUCT_BUNDLE_IDENTIFIER = bko.ReactNativeWithPods;
				PRODUCT_NAME = "$(TARGET_NAME)";
			};
			name = Release;
		};
		782ED8F31BFB2F1200473457 /* Debug */ = {
			isa = XCBuildConfiguration;
			baseConfigurationReference = F32ED6F67526E0BC73E443B5 /* Pods-ReactNativeWithPodsTests.debug.xcconfig */;
			buildSettings = {
				BUNDLE_LOADER = "$(TEST_HOST)";
				INFOPLIST_FILE = ReactNativeWithPodsTests/Info.plist;
				LD_RUNPATH_SEARCH_PATHS = "$(inherited) @executable_path/Frameworks @loader_path/Frameworks";
				PRODUCT_BUNDLE_IDENTIFIER = bko.ReactNativeWithPodsTests;
				PRODUCT_NAME = "$(TARGET_NAME)";
				TEST_HOST = "$(BUILT_PRODUCTS_DIR)/ReactNativeWithPods.app/ReactNativeWithPods";
			};
			name = Debug;
		};
		782ED8F41BFB2F1200473457 /* Release */ = {
			isa = XCBuildConfiguration;
			baseConfigurationReference = 72FA8F5D57C7C725E5085BA6 /* Pods-ReactNativeWithPodsTests.release.xcconfig */;
			buildSettings = {
				BUNDLE_LOADER = "$(TEST_HOST)";
				INFOPLIST_FILE = ReactNativeWithPodsTests/Info.plist;
				LD_RUNPATH_SEARCH_PATHS = "$(inherited) @executable_path/Frameworks @loader_path/Frameworks";
				PRODUCT_BUNDLE_IDENTIFIER = bko.ReactNativeWithPodsTests;
				PRODUCT_NAME = "$(TARGET_NAME)";
				TEST_HOST = "$(BUILT_PRODUCTS_DIR)/ReactNativeWithPods.app/ReactNativeWithPods";
			};
			name = Release;
		};
		782ED8F61BFB2F1200473457 /* Debug */ = {
			isa = XCBuildConfiguration;
			buildSettings = {
				INFOPLIST_FILE = ReactNativeWithPodsUITests/Info.plist;
				LD_RUNPATH_SEARCH_PATHS = "$(inherited) @executable_path/Frameworks @loader_path/Frameworks";
				PRODUCT_BUNDLE_IDENTIFIER = bko.ReactNativeWithPodsUITests;
				PRODUCT_NAME = "$(TARGET_NAME)";
				TEST_TARGET_NAME = ReactNativeWithPods;
				USES_XCTRUNNER = YES;
			};
			name = Debug;
		};
		782ED8F71BFB2F1200473457 /* Release */ = {
			isa = XCBuildConfiguration;
			buildSettings = {
				INFOPLIST_FILE = ReactNativeWithPodsUITests/Info.plist;
				LD_RUNPATH_SEARCH_PATHS = "$(inherited) @executable_path/Frameworks @loader_path/Frameworks";
				PRODUCT_BUNDLE_IDENTIFIER = bko.ReactNativeWithPodsUITests;
				PRODUCT_NAME = "$(TARGET_NAME)";
				TEST_TARGET_NAME = ReactNativeWithPods;
				USES_XCTRUNNER = YES;
			};
			name = Release;
		};
/* End XCBuildConfiguration section */

/* Begin XCConfigurationList section */
		782ED8BD1BFB2F1200473457 /* Build configuration list for PBXProject "ReactNativeWithPods" */ = {
			isa = XCConfigurationList;
			buildConfigurations = (
				782ED8ED1BFB2F1200473457 /* Debug */,
				782ED8EE1BFB2F1200473457 /* Release */,
			);
			defaultConfigurationIsVisible = 0;
			defaultConfigurationName = Release;
		};
		782ED8EF1BFB2F1200473457 /* Build configuration list for PBXNativeTarget "ReactNativeWithPods" */ = {
			isa = XCConfigurationList;
			buildConfigurations = (
				782ED8F01BFB2F1200473457 /* Debug */,
				782ED8F11BFB2F1200473457 /* Release */,
			);
			defaultConfigurationIsVisible = 0;
			defaultConfigurationName = Release;
		};
		782ED8F21BFB2F1200473457 /* Build configuration list for PBXNativeTarget "ReactNativeWithPodsTests" */ = {
			isa = XCConfigurationList;
			buildConfigurations = (
				782ED8F31BFB2F1200473457 /* Debug */,
				782ED8F41BFB2F1200473457 /* Release */,
			);
			defaultConfigurationIsVisible = 0;
			defaultConfigurationName = Release;
		};
		782ED8F51BFB2F1200473457 /* Build configuration list for PBXNativeTarget "ReactNativeWithPodsUITests" */ = {
			isa = XCConfigurationList;
			buildConfigurations = (
				782ED8F61BFB2F1200473457 /* Debug */,
				782ED8F71BFB2F1200473457 /* Release */,
			);
			defaultConfigurationIsVisible = 0;
			defaultConfigurationName = Release;
		};
/* End XCConfigurationList section */
	};
	rootObject = 782ED8BA1BFB2F1200473457 /* Project object */;
}
